// !$*UTF8*$!
{
	archiveVersion = 1;
	classes = {
	};
	objectVersion = 56;
	objects = {

/* Begin PBXBuildFile section */
		1C41849F28E0F4E20070BB6D /* LaunchDetailHeaderCell.swift in Sources */ = {isa = PBXBuildFile; fileRef = 1C41849E28E0F4E20070BB6D /* LaunchDetailHeaderCell.swift */; };
		1C4184A128E0F5900070BB6D /* Ext-LaunchDetailHeaderCellFunctions.swift in Sources */ = {isa = PBXBuildFile; fileRef = 1C4184A028E0F5900070BB6D /* Ext-LaunchDetailHeaderCellFunctions.swift */; };
		1C4184A328E104F40070BB6D /* LaunchDetailBodyCell.swift in Sources */ = {isa = PBXBuildFile; fileRef = 1C4184A228E104F40070BB6D /* LaunchDetailBodyCell.swift */; };
		1C4184A528E105340070BB6D /* Ext-LaunchDetailBodyCellFunctions.swift in Sources */ = {isa = PBXBuildFile; fileRef = 1C4184A428E105340070BB6D /* Ext-LaunchDetailBodyCellFunctions.swift */; };
		1C4184AB28E1D8690070BB6D /* HomeViewControllerDelegate.swift in Sources */ = {isa = PBXBuildFile; fileRef = 1C4184AA28E1D8680070BB6D /* HomeViewControllerDelegate.swift */; };
		1C4184AE28E1DFA50070BB6D /* NetworkMonitor.swift in Sources */ = {isa = PBXBuildFile; fileRef = 1C4184AD28E1DFA50070BB6D /* NetworkMonitor.swift */; };
		1C4184B128E1F17C0070BB6D /* WelcomeHomeViewController.swift in Sources */ = {isa = PBXBuildFile; fileRef = 1C4184B028E1F17B0070BB6D /* WelcomeHomeViewController.swift */; };
		1C6099AD28DE4CF400ED42E9 /* APICaller.swift in Sources */ = {isa = PBXBuildFile; fileRef = 1C6099AC28DE4CF400ED42E9 /* APICaller.swift */; };
		1C6099AF28DE624400ED42E9 /* HomeViewModel.swift in Sources */ = {isa = PBXBuildFile; fileRef = 1C6099AE28DE624400ED42E9 /* HomeViewModel.swift */; };
		1C6099B128DE72ED00ED42E9 /* Observable.swift in Sources */ = {isa = PBXBuildFile; fileRef = 1C6099B028DE72ED00ED42E9 /* Observable.swift */; };
		1C6099B428DEB86B00ED42E9 /* PaddingLabel.swift in Sources */ = {isa = PBXBuildFile; fileRef = 1C6099B328DEB86B00ED42E9 /* PaddingLabel.swift */; };
		1C6099B628DEC91000ED42E9 /* Ext-UILabel.swift in Sources */ = {isa = PBXBuildFile; fileRef = 1C6099B528DEC91000ED42E9 /* Ext-UILabel.swift */; };
		1C6099B828DF5CAC00ED42E9 /* Ext-String.swift in Sources */ = {isa = PBXBuildFile; fileRef = 1C6099B728DF5CAB00ED42E9 /* Ext-String.swift */; };
		1C6099BB28DF65A800ED42E9 /* SkeletonView in Frameworks */ = {isa = PBXBuildFile; productRef = 1C6099BA28DF65A800ED42E9 /* SkeletonView */; };
		1C6099C228DF9E3300ED42E9 /* LaunchViewController.swift in Sources */ = {isa = PBXBuildFile; fileRef = 1C6099C128DF9E3300ED42E9 /* LaunchViewController.swift */; };
		1C6099CA28DFBF0400ED42E9 /* Ext-UIViewController.swift in Sources */ = {isa = PBXBuildFile; fileRef = 1C6099C928DFBF0400ED42E9 /* Ext-UIViewController.swift */; };
		1C6099CE28E0C04D00ED42E9 /* Ext-LaunchVCFunctions.swift in Sources */ = {isa = PBXBuildFile; fileRef = 1C6099CD28E0C04D00ED42E9 /* Ext-LaunchVCFunctions.swift */; };
		1C6099D228E0CD2900ED42E9 /* YouTubeiOSPlayerHelper in Frameworks */ = {isa = PBXBuildFile; productRef = 1C6099D128E0CD2900ED42E9 /* YouTubeiOSPlayerHelper */; };
		1C6A2DB028DCDB6E00F7DE34 /* AppDelegate.swift in Sources */ = {isa = PBXBuildFile; fileRef = 1C6A2DAF28DCDB6E00F7DE34 /* AppDelegate.swift */; };
		1C6A2DB228DCDB6E00F7DE34 /* SceneDelegate.swift in Sources */ = {isa = PBXBuildFile; fileRef = 1C6A2DB128DCDB6E00F7DE34 /* SceneDelegate.swift */; };
		1C6A2DB428DCDB6E00F7DE34 /* HomeViewController.swift in Sources */ = {isa = PBXBuildFile; fileRef = 1C6A2DB328DCDB6E00F7DE34 /* HomeViewController.swift */; };
		1C6A2DB928DCDB7000F7DE34 /* Assets.xcassets in Resources */ = {isa = PBXBuildFile; fileRef = 1C6A2DB828DCDB7000F7DE34 /* Assets.xcassets */; };
		1C6A2DC628DCE3EB00F7DE34 /* LaunchHomeCell.swift in Sources */ = {isa = PBXBuildFile; fileRef = 1C6A2DC528DCE3EB00F7DE34 /* LaunchHomeCell.swift */; };
		1C6A2DC828DCEAAA00F7DE34 /* Ext-HomeVCFunctions.swift in Sources */ = {isa = PBXBuildFile; fileRef = 1C6A2DC728DCEAAA00F7DE34 /* Ext-HomeVCFunctions.swift */; };
		1C6A2DCA28DCED0600F7DE34 /* HomeHeaderCell.swift in Sources */ = {isa = PBXBuildFile; fileRef = 1C6A2DC928DCED0600F7DE34 /* HomeHeaderCell.swift */; };
		1C6A2DCC28DD340200F7DE34 /* Ext-UIView.swift in Sources */ = {isa = PBXBuildFile; fileRef = 1C6A2DCB28DD340200F7DE34 /* Ext-UIView.swift */; };
		1C6A2DD028DD3BCE00F7DE34 /* Ext-UIColor.swift in Sources */ = {isa = PBXBuildFile; fileRef = 1C6A2DCF28DD3BCE00F7DE34 /* Ext-UIColor.swift */; };
		1C6A2DD328DD521F00F7DE34 /* SDWebImage in Frameworks */ = {isa = PBXBuildFile; productRef = 1C6A2DD228DD521F00F7DE34 /* SDWebImage */; };
		1C6A2DD528DD6B6300F7DE34 /* HomeSplitViewController.swift in Sources */ = {isa = PBXBuildFile; fileRef = 1C6A2DD428DD6B6300F7DE34 /* HomeSplitViewController.swift */; };
		1C6A2DDB28DDFBB000F7DE34 /* Ext-LaunchHomeCellFunctions.swift in Sources */ = {isa = PBXBuildFile; fileRef = 1C6A2DDA28DDFBB000F7DE34 /* Ext-LaunchHomeCellFunctions.swift */; };
		1C6A2DDD28DDFC2400F7DE34 /* Ext-LaunchHomeHeaderCellFunctions.swift in Sources */ = {isa = PBXBuildFile; fileRef = 1C6A2DDC28DDFC2400F7DE34 /* Ext-LaunchHomeHeaderCellFunctions.swift */; };
		1C6A2DE028DE10FF00F7DE34 /* LaunchModel.swift in Sources */ = {isa = PBXBuildFile; fileRef = 1C6A2DDF28DE10FF00F7DE34 /* LaunchModel.swift */; };
/* End PBXBuildFile section */

/* Begin PBXFileReference section */
		1C41849E28E0F4E20070BB6D /* LaunchDetailHeaderCell.swift */ = {isa = PBXFileReference; lastKnownFileType = sourcecode.swift; path = LaunchDetailHeaderCell.swift; sourceTree = "<group>"; };
		1C4184A028E0F5900070BB6D /* Ext-LaunchDetailHeaderCellFunctions.swift */ = {isa = PBXFileReference; lastKnownFileType = sourcecode.swift; path = "Ext-LaunchDetailHeaderCellFunctions.swift"; sourceTree = "<group>"; };
		1C4184A228E104F40070BB6D /* LaunchDetailBodyCell.swift */ = {isa = PBXFileReference; lastKnownFileType = sourcecode.swift; path = LaunchDetailBodyCell.swift; sourceTree = "<group>"; };
		1C4184A428E105340070BB6D /* Ext-LaunchDetailBodyCellFunctions.swift */ = {isa = PBXFileReference; lastKnownFileType = sourcecode.swift; path = "Ext-LaunchDetailBodyCellFunctions.swift"; sourceTree = "<group>"; };
		1C4184AA28E1D8680070BB6D /* HomeViewControllerDelegate.swift */ = {isa = PBXFileReference; lastKnownFileType = sourcecode.swift; path = HomeViewControllerDelegate.swift; sourceTree = "<group>"; };
		1C4184AD28E1DFA50070BB6D /* NetworkMonitor.swift */ = {isa = PBXFileReference; lastKnownFileType = sourcecode.swift; path = NetworkMonitor.swift; sourceTree = "<group>"; };
		1C4184B028E1F17B0070BB6D /* WelcomeHomeViewController.swift */ = {isa = PBXFileReference; lastKnownFileType = sourcecode.swift; path = WelcomeHomeViewController.swift; sourceTree = "<group>"; };
		1C6099AC28DE4CF400ED42E9 /* APICaller.swift */ = {isa = PBXFileReference; lastKnownFileType = sourcecode.swift; path = APICaller.swift; sourceTree = "<group>"; };
		1C6099AE28DE624400ED42E9 /* HomeViewModel.swift */ = {isa = PBXFileReference; lastKnownFileType = sourcecode.swift; path = HomeViewModel.swift; sourceTree = "<group>"; };
		1C6099B028DE72ED00ED42E9 /* Observable.swift */ = {isa = PBXFileReference; lastKnownFileType = sourcecode.swift; path = Observable.swift; sourceTree = "<group>"; };
		1C6099B328DEB86B00ED42E9 /* PaddingLabel.swift */ = {isa = PBXFileReference; lastKnownFileType = sourcecode.swift; path = PaddingLabel.swift; sourceTree = "<group>"; };
		1C6099B528DEC91000ED42E9 /* Ext-UILabel.swift */ = {isa = PBXFileReference; lastKnownFileType = sourcecode.swift; path = "Ext-UILabel.swift"; sourceTree = "<group>"; };
		1C6099B728DF5CAB00ED42E9 /* Ext-String.swift */ = {isa = PBXFileReference; lastKnownFileType = sourcecode.swift; path = "Ext-String.swift"; sourceTree = "<group>"; };
		1C6099C128DF9E3300ED42E9 /* LaunchViewController.swift */ = {isa = PBXFileReference; lastKnownFileType = sourcecode.swift; path = LaunchViewController.swift; sourceTree = "<group>"; };
		1C6099C928DFBF0400ED42E9 /* Ext-UIViewController.swift */ = {isa = PBXFileReference; lastKnownFileType = sourcecode.swift; path = "Ext-UIViewController.swift"; sourceTree = "<group>"; };
		1C6099CD28E0C04D00ED42E9 /* Ext-LaunchVCFunctions.swift */ = {isa = PBXFileReference; lastKnownFileType = sourcecode.swift; path = "Ext-LaunchVCFunctions.swift"; sourceTree = "<group>"; };
		1C6A2DAC28DCDB6E00F7DE34 /* SpaceXLaunchDataApp.app */ = {isa = PBXFileReference; explicitFileType = wrapper.application; includeInIndex = 0; path = SpaceXLaunchDataApp.app; sourceTree = BUILT_PRODUCTS_DIR; };
		1C6A2DAF28DCDB6E00F7DE34 /* AppDelegate.swift */ = {isa = PBXFileReference; lastKnownFileType = sourcecode.swift; path = AppDelegate.swift; sourceTree = "<group>"; };
		1C6A2DB128DCDB6E00F7DE34 /* SceneDelegate.swift */ = {isa = PBXFileReference; lastKnownFileType = sourcecode.swift; path = SceneDelegate.swift; sourceTree = "<group>"; };
		1C6A2DB328DCDB6E00F7DE34 /* HomeViewController.swift */ = {isa = PBXFileReference; lastKnownFileType = sourcecode.swift; path = HomeViewController.swift; sourceTree = "<group>"; };
		1C6A2DB828DCDB7000F7DE34 /* Assets.xcassets */ = {isa = PBXFileReference; lastKnownFileType = folder.assetcatalog; path = Assets.xcassets; sourceTree = "<group>"; };
		1C6A2DBD28DCDB7000F7DE34 /* Info.plist */ = {isa = PBXFileReference; lastKnownFileType = text.plist.xml; path = Info.plist; sourceTree = "<group>"; };
		1C6A2DC528DCE3EB00F7DE34 /* LaunchHomeCell.swift */ = {isa = PBXFileReference; lastKnownFileType = sourcecode.swift; path = LaunchHomeCell.swift; sourceTree = "<group>"; };
		1C6A2DC728DCEAAA00F7DE34 /* Ext-HomeVCFunctions.swift */ = {isa = PBXFileReference; lastKnownFileType = sourcecode.swift; path = "Ext-HomeVCFunctions.swift"; sourceTree = "<group>"; };
		1C6A2DC928DCED0600F7DE34 /* HomeHeaderCell.swift */ = {isa = PBXFileReference; lastKnownFileType = sourcecode.swift; path = HomeHeaderCell.swift; sourceTree = "<group>"; };
		1C6A2DCB28DD340200F7DE34 /* Ext-UIView.swift */ = {isa = PBXFileReference; lastKnownFileType = sourcecode.swift; path = "Ext-UIView.swift"; sourceTree = "<group>"; };
		1C6A2DCF28DD3BCE00F7DE34 /* Ext-UIColor.swift */ = {isa = PBXFileReference; lastKnownFileType = sourcecode.swift; path = "Ext-UIColor.swift"; sourceTree = "<group>"; };
		1C6A2DD428DD6B6300F7DE34 /* HomeSplitViewController.swift */ = {isa = PBXFileReference; lastKnownFileType = sourcecode.swift; path = HomeSplitViewController.swift; sourceTree = "<group>"; };
		1C6A2DDA28DDFBB000F7DE34 /* Ext-LaunchHomeCellFunctions.swift */ = {isa = PBXFileReference; lastKnownFileType = sourcecode.swift; path = "Ext-LaunchHomeCellFunctions.swift"; sourceTree = "<group>"; };
		1C6A2DDC28DDFC2400F7DE34 /* Ext-LaunchHomeHeaderCellFunctions.swift */ = {isa = PBXFileReference; lastKnownFileType = sourcecode.swift; path = "Ext-LaunchHomeHeaderCellFunctions.swift"; sourceTree = "<group>"; };
		1C6A2DDF28DE10FF00F7DE34 /* LaunchModel.swift */ = {isa = PBXFileReference; lastKnownFileType = sourcecode.swift; path = LaunchModel.swift; sourceTree = "<group>"; };
/* End PBXFileReference section */

/* Begin PBXFrameworksBuildPhase section */
		1C6A2DA928DCDB6E00F7DE34 /* Frameworks */ = {
			isa = PBXFrameworksBuildPhase;
			buildActionMask = 2147483647;
			files = (
				1C6099BB28DF65A800ED42E9 /* SkeletonView in Frameworks */,
				1C6A2DD328DD521F00F7DE34 /* SDWebImage in Frameworks */,
				1C6099D228E0CD2900ED42E9 /* YouTubeiOSPlayerHelper in Frameworks */,
			);
			runOnlyForDeploymentPostprocessing = 0;
		};
/* End PBXFrameworksBuildPhase section */

/* Begin PBXGroup section */
		1C4184A628E144BB0070BB6D /* LaunchDetailBodyCell */ = {
			isa = PBXGroup;
			children = (
				1C4184A228E104F40070BB6D /* LaunchDetailBodyCell.swift */,
				1C4184A428E105340070BB6D /* Ext-LaunchDetailBodyCellFunctions.swift */,
			);
			path = LaunchDetailBodyCell;
			sourceTree = "<group>";
		};
		1C4184A728E144E50070BB6D /* HomeHeaderCell */ = {
			isa = PBXGroup;
			children = (
				1C6A2DDC28DDFC2400F7DE34 /* Ext-LaunchHomeHeaderCellFunctions.swift */,
				1C6A2DC928DCED0600F7DE34 /* HomeHeaderCell.swift */,
			);
			path = HomeHeaderCell;
			sourceTree = "<group>";
		};
		1C4184A828E145030070BB6D /* HomeLaunchCell */ = {
			isa = PBXGroup;
			children = (
				1C6A2DC528DCE3EB00F7DE34 /* LaunchHomeCell.swift */,
				1C6A2DDA28DDFBB000F7DE34 /* Ext-LaunchHomeCellFunctions.swift */,
				1C41849E28E0F4E20070BB6D /* LaunchDetailHeaderCell.swift */,
			);
			path = HomeLaunchCell;
			sourceTree = "<group>";
		};
		1C4184A928E145150070BB6D /* LaunchDetailHeaderCell */ = {
			isa = PBXGroup;
			children = (
				1C4184A028E0F5900070BB6D /* Ext-LaunchDetailHeaderCellFunctions.swift */,
			);
			path = LaunchDetailHeaderCell;
			sourceTree = "<group>";
		};
		1C4184AC28E1DF8E0070BB6D /* NetworkMonitor */ = {
			isa = PBXGroup;
			children = (
				1C4184AD28E1DFA50070BB6D /* NetworkMonitor.swift */,
			);
			path = NetworkMonitor;
			sourceTree = "<group>";
		};
		1C4184AF28E1F15D0070BB6D /* Welcome */ = {
			isa = PBXGroup;
			children = (
				1C4184B028E1F17B0070BB6D /* WelcomeHomeViewController.swift */,
			);
			path = Welcome;
			sourceTree = "<group>";
		};
		1C6099AA28DE4C4F00ED42E9 /* ViewModels */ = {
			isa = PBXGroup;
			children = (
				1C6099AE28DE624400ED42E9 /* HomeViewModel.swift */,
			);
			path = ViewModels;
			sourceTree = "<group>";
		};
		1C6099AB28DE4CDD00ED42E9 /* APICaller */ = {
			isa = PBXGroup;
			children = (
				1C6099AC28DE4CF400ED42E9 /* APICaller.swift */,
			);
			path = APICaller;
			sourceTree = "<group>";
		};
		1C6099B228DEB04C00ED42E9 /* Home */ = {
			isa = PBXGroup;
			children = (
				1C6A2DB328DCDB6E00F7DE34 /* HomeViewController.swift */,
				1C6A2DC728DCEAAA00F7DE34 /* Ext-HomeVCFunctions.swift */,
				1C4184AA28E1D8680070BB6D /* HomeViewControllerDelegate.swift */,
			);
			path = Home;
			sourceTree = "<group>";
		};
		1C6099C028DF9E0900ED42E9 /* Launch */ = {
			isa = PBXGroup;
			children = (
				1C6099C128DF9E3300ED42E9 /* LaunchViewController.swift */,
				1C6099CD28E0C04D00ED42E9 /* Ext-LaunchVCFunctions.swift */,
			);
			path = Launch;
			sourceTree = "<group>";
		};
		1C6099CC28E0BFF700ED42E9 /* HomeSplit */ = {
			isa = PBXGroup;
			children = (
				1C6A2DD428DD6B6300F7DE34 /* HomeSplitViewController.swift */,
			);
			path = HomeSplit;
			sourceTree = "<group>";
		};
		1C6A2DA328DCDB6E00F7DE34 = {
			isa = PBXGroup;
			children = (
				1C6A2DAE28DCDB6E00F7DE34 /* SpaceXLaunchDataApp */,
				1C6A2DAD28DCDB6E00F7DE34 /* Products */,
			);
			sourceTree = "<group>";
		};
		1C6A2DAD28DCDB6E00F7DE34 /* Products */ = {
			isa = PBXGroup;
			children = (
				1C6A2DAC28DCDB6E00F7DE34 /* SpaceXLaunchDataApp.app */,
			);
			name = Products;
			sourceTree = "<group>";
		};
		1C6A2DAE28DCDB6E00F7DE34 /* SpaceXLaunchDataApp */ = {
			isa = PBXGroup;
			children = (
				1C4184AC28E1DF8E0070BB6D /* NetworkMonitor */,
				1C6099AB28DE4CDD00ED42E9 /* APICaller */,
				1C6099AA28DE4C4F00ED42E9 /* ViewModels */,
				1C6A2DDE28DE101500F7DE34 /* Models */,
				1C6A2DD728DDF20800F7DE34 /* Custom+Ext */,
				1C6A2DD628DDF1E800F7DE34 /* ViewControllers */,
				1C6A2DC428DCDBE700F7DE34 /* Delegates */,
				1C6A2DC328DCDBCC00F7DE34 /* Views */,
				1C6A2DB828DCDB7000F7DE34 /* Assets.xcassets */,
				1C6A2DBD28DCDB7000F7DE34 /* Info.plist */,
			);
			path = SpaceXLaunchDataApp;
			sourceTree = "<group>";
		};
		1C6A2DC328DCDBCC00F7DE34 /* Views */ = {
			isa = PBXGroup;
			children = (
				1C4184A828E145030070BB6D /* HomeLaunchCell */,
				1C4184A728E144E50070BB6D /* HomeHeaderCell */,
				1C4184A628E144BB0070BB6D /* LaunchDetailBodyCell */,
				1C4184A928E145150070BB6D /* LaunchDetailHeaderCell */,
			);
			path = Views;
			sourceTree = "<group>";
		};
		1C6A2DC428DCDBE700F7DE34 /* Delegates */ = {
			isa = PBXGroup;
			children = (
				1C6A2DAF28DCDB6E00F7DE34 /* AppDelegate.swift */,
				1C6A2DB128DCDB6E00F7DE34 /* SceneDelegate.swift */,
			);
			path = Delegates;
			sourceTree = "<group>";
		};
		1C6A2DD628DDF1E800F7DE34 /* ViewControllers */ = {
			isa = PBXGroup;
			children = (
				1C4184AF28E1F15D0070BB6D /* Welcome */,
				1C6099CC28E0BFF700ED42E9 /* HomeSplit */,
				1C6099C028DF9E0900ED42E9 /* Launch */,
				1C6099B228DEB04C00ED42E9 /* Home */,
			);
			path = ViewControllers;
			sourceTree = "<group>";
		};
		1C6A2DD728DDF20800F7DE34 /* Custom+Ext */ = {
			isa = PBXGroup;
			children = (
				1C6A2DCB28DD340200F7DE34 /* Ext-UIView.swift */,
				1C6A2DCF28DD3BCE00F7DE34 /* Ext-UIColor.swift */,
				1C6099B028DE72ED00ED42E9 /* Observable.swift */,
				1C6099B328DEB86B00ED42E9 /* PaddingLabel.swift */,
				1C6099B528DEC91000ED42E9 /* Ext-UILabel.swift */,
				1C6099B728DF5CAB00ED42E9 /* Ext-String.swift */,
				1C6099C928DFBF0400ED42E9 /* Ext-UIViewController.swift */,
			);
			path = "Custom+Ext";
			sourceTree = "<group>";
		};
		1C6A2DDE28DE101500F7DE34 /* Models */ = {
			isa = PBXGroup;
			children = (
				1C6A2DDF28DE10FF00F7DE34 /* LaunchModel.swift */,
			);
			path = Models;
			sourceTree = "<group>";
		};
/* End PBXGroup section */

/* Begin PBXNativeTarget section */
		1C6A2DAB28DCDB6E00F7DE34 /* SpaceXLaunchDataApp */ = {
			isa = PBXNativeTarget;
			buildConfigurationList = 1C6A2DC028DCDB7000F7DE34 /* Build configuration list for PBXNativeTarget "SpaceXLaunchDataApp" */;
			buildPhases = (
				1C6A2DA828DCDB6E00F7DE34 /* Sources */,
				1C6A2DA928DCDB6E00F7DE34 /* Frameworks */,
				1C6A2DAA28DCDB6E00F7DE34 /* Resources */,
			);
			buildRules = (
			);
			dependencies = (
			);
			name = SpaceXLaunchDataApp;
			packageProductDependencies = (
				1C6A2DD228DD521F00F7DE34 /* SDWebImage */,
				1C6099BA28DF65A800ED42E9 /* SkeletonView */,
				1C6099D128E0CD2900ED42E9 /* YouTubeiOSPlayerHelper */,
			);
			productName = SpaceXLaunchDataApp;
			productReference = 1C6A2DAC28DCDB6E00F7DE34 /* SpaceXLaunchDataApp.app */;
			productType = "com.apple.product-type.application";
		};
/* End PBXNativeTarget section */

/* Begin PBXProject section */
		1C6A2DA428DCDB6E00F7DE34 /* Project object */ = {
			isa = PBXProject;
			attributes = {
				BuildIndependentTargetsInParallel = 1;
				LastSwiftUpdateCheck = 1400;
				LastUpgradeCheck = 1400;
				TargetAttributes = {
					1C6A2DAB28DCDB6E00F7DE34 = {
						CreatedOnToolsVersion = 14.0;
					};
				};
			};
			buildConfigurationList = 1C6A2DA728DCDB6E00F7DE34 /* Build configuration list for PBXProject "SpaceXLaunchDataApp" */;
			compatibilityVersion = "Xcode 14.0";
			developmentRegion = en;
			hasScannedForEncodings = 0;
			knownRegions = (
				en,
				Base,
			);
			mainGroup = 1C6A2DA328DCDB6E00F7DE34;
			packageReferences = (
				1C6A2DD128DD521F00F7DE34 /* XCRemoteSwiftPackageReference "SDWebImage" */,
				1C6099B928DF65A800ED42E9 /* XCRemoteSwiftPackageReference "SkeletonView" */,
				1C6099D028E0CD2900ED42E9 /* XCRemoteSwiftPackageReference "youtube-ios-player-helper" */,
			);
			productRefGroup = 1C6A2DAD28DCDB6E00F7DE34 /* Products */;
			projectDirPath = "";
			projectRoot = "";
			targets = (
				1C6A2DAB28DCDB6E00F7DE34 /* SpaceXLaunchDataApp */,
			);
		};
/* End PBXProject section */

/* Begin PBXResourcesBuildPhase section */
		1C6A2DAA28DCDB6E00F7DE34 /* Resources */ = {
			isa = PBXResourcesBuildPhase;
			buildActionMask = 2147483647;
			files = (
				1C6A2DB928DCDB7000F7DE34 /* Assets.xcassets in Resources */,
			);
			runOnlyForDeploymentPostprocessing = 0;
		};
/* End PBXResourcesBuildPhase section */

/* Begin PBXSourcesBuildPhase section */
		1C6A2DA828DCDB6E00F7DE34 /* Sources */ = {
			isa = PBXSourcesBuildPhase;
			buildActionMask = 2147483647;
			files = (
				1C6099B828DF5CAC00ED42E9 /* Ext-String.swift in Sources */,
				1C4184A328E104F40070BB6D /* LaunchDetailBodyCell.swift in Sources */,
				1C4184B128E1F17C0070BB6D /* WelcomeHomeViewController.swift in Sources */,
				1C6099B128DE72ED00ED42E9 /* Observable.swift in Sources */,
				1C6099CA28DFBF0400ED42E9 /* Ext-UIViewController.swift in Sources */,
				1C6A2DC828DCEAAA00F7DE34 /* Ext-HomeVCFunctions.swift in Sources */,
				1C6A2DB428DCDB6E00F7DE34 /* HomeViewController.swift in Sources */,
				1C6A2DCC28DD340200F7DE34 /* Ext-UIView.swift in Sources */,
				1C4184AE28E1DFA50070BB6D /* NetworkMonitor.swift in Sources */,
				1C6099AD28DE4CF400ED42E9 /* APICaller.swift in Sources */,
				1C6A2DCA28DCED0600F7DE34 /* HomeHeaderCell.swift in Sources */,
				1C4184A128E0F5900070BB6D /* Ext-LaunchDetailHeaderCellFunctions.swift in Sources */,
				1C6A2DD528DD6B6300F7DE34 /* HomeSplitViewController.swift in Sources */,
				1C6A2DE028DE10FF00F7DE34 /* LaunchModel.swift in Sources */,
				1C6A2DDD28DDFC2400F7DE34 /* Ext-LaunchHomeHeaderCellFunctions.swift in Sources */,
				1C6099CE28E0C04D00ED42E9 /* Ext-LaunchVCFunctions.swift in Sources */,
				1C4184AB28E1D8690070BB6D /* HomeViewControllerDelegate.swift in Sources */,
				1C6A2DC628DCE3EB00F7DE34 /* LaunchHomeCell.swift in Sources */,
				1C6099B428DEB86B00ED42E9 /* PaddingLabel.swift in Sources */,
				1C4184A528E105340070BB6D /* Ext-LaunchDetailBodyCellFunctions.swift in Sources */,
				1C6A2DD028DD3BCE00F7DE34 /* Ext-UIColor.swift in Sources */,
				1C6A2DDB28DDFBB000F7DE34 /* Ext-LaunchHomeCellFunctions.swift in Sources */,
				1C6099B628DEC91000ED42E9 /* Ext-UILabel.swift in Sources */,
				1C41849F28E0F4E20070BB6D /* LaunchDetailHeaderCell.swift in Sources */,
				1C6A2DB028DCDB6E00F7DE34 /* AppDelegate.swift in Sources */,
				1C6099AF28DE624400ED42E9 /* HomeViewModel.swift in Sources */,
				1C6099C228DF9E3300ED42E9 /* LaunchViewController.swift in Sources */,
				1C6A2DB228DCDB6E00F7DE34 /* SceneDelegate.swift in Sources */,
			);
			runOnlyForDeploymentPostprocessing = 0;
		};
/* End PBXSourcesBuildPhase section */

/* Begin XCBuildConfiguration section */
		1C6A2DBE28DCDB7000F7DE34 /* Debug */ = {
			isa = XCBuildConfiguration;
			buildSettings = {
				ALWAYS_SEARCH_USER_PATHS = NO;
				CLANG_ANALYZER_NONNULL = YES;
				CLANG_ANALYZER_NUMBER_OBJECT_CONVERSION = YES_AGGRESSIVE;
				CLANG_CXX_LANGUAGE_STANDARD = "gnu++20";
				CLANG_ENABLE_MODULES = YES;
				CLANG_ENABLE_OBJC_ARC = YES;
				CLANG_ENABLE_OBJC_WEAK = YES;
				CLANG_WARN_BLOCK_CAPTURE_AUTORELEASING = YES;
				CLANG_WARN_BOOL_CONVERSION = YES;
				CLANG_WARN_COMMA = YES;
				CLANG_WARN_CONSTANT_CONVERSION = YES;
				CLANG_WARN_DEPRECATED_OBJC_IMPLEMENTATIONS = YES;
				CLANG_WARN_DIRECT_OBJC_ISA_USAGE = YES_ERROR;
				CLANG_WARN_DOCUMENTATION_COMMENTS = YES;
				CLANG_WARN_EMPTY_BODY = YES;
				CLANG_WARN_ENUM_CONVERSION = YES;
				CLANG_WARN_INFINITE_RECURSION = YES;
				CLANG_WARN_INT_CONVERSION = YES;
				CLANG_WARN_NON_LITERAL_NULL_CONVERSION = YES;
				CLANG_WARN_OBJC_IMPLICIT_RETAIN_SELF = YES;
				CLANG_WARN_OBJC_LITERAL_CONVERSION = YES;
				CLANG_WARN_OBJC_ROOT_CLASS = YES_ERROR;
				CLANG_WARN_QUOTED_INCLUDE_IN_FRAMEWORK_HEADER = YES;
				CLANG_WARN_RANGE_LOOP_ANALYSIS = YES;
				CLANG_WARN_STRICT_PROTOTYPES = YES;
				CLANG_WARN_SUSPICIOUS_MOVE = YES;
				CLANG_WARN_UNGUARDED_AVAILABILITY = YES_AGGRESSIVE;
				CLANG_WARN_UNREACHABLE_CODE = YES;
				CLANG_WARN__DUPLICATE_METHOD_MATCH = YES;
				COPY_PHASE_STRIP = NO;
				DEBUG_INFORMATION_FORMAT = dwarf;
				ENABLE_STRICT_OBJC_MSGSEND = YES;
				ENABLE_TESTABILITY = YES;
				GCC_C_LANGUAGE_STANDARD = gnu11;
				GCC_DYNAMIC_NO_PIC = NO;
				GCC_NO_COMMON_BLOCKS = YES;
				GCC_OPTIMIZATION_LEVEL = 0;
				GCC_PREPROCESSOR_DEFINITIONS = (
					"DEBUG=1",
					"$(inherited)",
				);
				GCC_WARN_64_TO_32_BIT_CONVERSION = YES;
				GCC_WARN_ABOUT_RETURN_TYPE = YES_ERROR;
				GCC_WARN_UNDECLARED_SELECTOR = YES;
				GCC_WARN_UNINITIALIZED_AUTOS = YES_AGGRESSIVE;
				GCC_WARN_UNUSED_FUNCTION = YES;
				GCC_WARN_UNUSED_VARIABLE = YES;
				IPHONEOS_DEPLOYMENT_TARGET = 16.0;
				MTL_ENABLE_DEBUG_INFO = INCLUDE_SOURCE;
				MTL_FAST_MATH = YES;
				ONLY_ACTIVE_ARCH = YES;
				SDKROOT = iphoneos;
				SWIFT_ACTIVE_COMPILATION_CONDITIONS = DEBUG;
				SWIFT_OPTIMIZATION_LEVEL = "-Onone";
			};
			name = Debug;
		};
		1C6A2DBF28DCDB7000F7DE34 /* Release */ = {
			isa = XCBuildConfiguration;
			buildSettings = {
				ALWAYS_SEARCH_USER_PATHS = NO;
				CLANG_ANALYZER_NONNULL = YES;
				CLANG_ANALYZER_NUMBER_OBJECT_CONVERSION = YES_AGGRESSIVE;
				CLANG_CXX_LANGUAGE_STANDARD = "gnu++20";
				CLANG_ENABLE_MODULES = YES;
				CLANG_ENABLE_OBJC_ARC = YES;
				CLANG_ENABLE_OBJC_WEAK = YES;
				CLANG_WARN_BLOCK_CAPTURE_AUTORELEASING = YES;
				CLANG_WARN_BOOL_CONVERSION = YES;
				CLANG_WARN_COMMA = YES;
				CLANG_WARN_CONSTANT_CONVERSION = YES;
				CLANG_WARN_DEPRECATED_OBJC_IMPLEMENTATIONS = YES;
				CLANG_WARN_DIRECT_OBJC_ISA_USAGE = YES_ERROR;
				CLANG_WARN_DOCUMENTATION_COMMENTS = YES;
				CLANG_WARN_EMPTY_BODY = YES;
				CLANG_WARN_ENUM_CONVERSION = YES;
				CLANG_WARN_INFINITE_RECURSION = YES;
				CLANG_WARN_INT_CONVERSION = YES;
				CLANG_WARN_NON_LITERAL_NULL_CONVERSION = YES;
				CLANG_WARN_OBJC_IMPLICIT_RETAIN_SELF = YES;
				CLANG_WARN_OBJC_LITERAL_CONVERSION = YES;
				CLANG_WARN_OBJC_ROOT_CLASS = YES_ERROR;
				CLANG_WARN_QUOTED_INCLUDE_IN_FRAMEWORK_HEADER = YES;
				CLANG_WARN_RANGE_LOOP_ANALYSIS = YES;
				CLANG_WARN_STRICT_PROTOTYPES = YES;
				CLANG_WARN_SUSPICIOUS_MOVE = YES;
				CLANG_WARN_UNGUARDED_AVAILABILITY = YES_AGGRESSIVE;
				CLANG_WARN_UNREACHABLE_CODE = YES;
				CLANG_WARN__DUPLICATE_METHOD_MATCH = YES;
				COPY_PHASE_STRIP = NO;
				DEBUG_INFORMATION_FORMAT = "dwarf-with-dsym";
				ENABLE_NS_ASSERTIONS = NO;
				ENABLE_STRICT_OBJC_MSGSEND = YES;
				GCC_C_LANGUAGE_STANDARD = gnu11;
				GCC_NO_COMMON_BLOCKS = YES;
				GCC_WARN_64_TO_32_BIT_CONVERSION = YES;
				GCC_WARN_ABOUT_RETURN_TYPE = YES_ERROR;
				GCC_WARN_UNDECLARED_SELECTOR = YES;
				GCC_WARN_UNINITIALIZED_AUTOS = YES_AGGRESSIVE;
				GCC_WARN_UNUSED_FUNCTION = YES;
				GCC_WARN_UNUSED_VARIABLE = YES;
				IPHONEOS_DEPLOYMENT_TARGET = 16.0;
				MTL_ENABLE_DEBUG_INFO = NO;
				MTL_FAST_MATH = YES;
				SDKROOT = iphoneos;
				SWIFT_COMPILATION_MODE = wholemodule;
				SWIFT_OPTIMIZATION_LEVEL = "-O";
				VALIDATE_PRODUCT = YES;
			};
			name = Release;
		};
		1C6A2DC128DCDB7000F7DE34 /* Debug */ = {
			isa = XCBuildConfiguration;
			buildSettings = {
				ASSETCATALOG_COMPILER_APPICON_NAME = AppIcon;
				ASSETCATALOG_COMPILER_GLOBAL_ACCENT_COLOR_NAME = AccentColor;
				CODE_SIGN_STYLE = Automatic;
				CURRENT_PROJECT_VERSION = 1;
				DEVELOPMENT_TEAM = GAQT8HYM7F;
				GENERATE_INFOPLIST_FILE = YES;
				INFOPLIST_FILE = SpaceXLaunchDataApp/Info.plist;
				INFOPLIST_KEY_UIApplicationSupportsIndirectInputEvents = YES;
				INFOPLIST_KEY_UILaunchStoryboardName = LaunchScreen;
				INFOPLIST_KEY_UISupportedInterfaceOrientations_iPad = "UIInterfaceOrientationPortrait UIInterfaceOrientationPortraitUpsideDown UIInterfaceOrientationLandscapeLeft UIInterfaceOrientationLandscapeRight";
				INFOPLIST_KEY_UISupportedInterfaceOrientations_iPhone = "UIInterfaceOrientationPortrait UIInterfaceOrientationLandscapeLeft UIInterfaceOrientationLandscapeRight";
				IPHONEOS_DEPLOYMENT_TARGET = 16.0;
				LD_RUNPATH_SEARCH_PATHS = (
					"$(inherited)",
					"@executable_path/Frameworks",
				);
				MARKETING_VERSION = 1.0;
				PRODUCT_BUNDLE_IDENTIFIER = com.andrewc.SpaceXLaunchDataApp;
				PRODUCT_NAME = "$(TARGET_NAME)";
				SWIFT_EMIT_LOC_STRINGS = YES;
				SWIFT_VERSION = 5.0;
				TARGETED_DEVICE_FAMILY = "1,2";
			};
			name = Debug;
		};
		1C6A2DC228DCDB7000F7DE34 /* Release */ = {
			isa = XCBuildConfiguration;
			buildSettings = {
				ASSETCATALOG_COMPILER_APPICON_NAME = AppIcon;
				ASSETCATALOG_COMPILER_GLOBAL_ACCENT_COLOR_NAME = AccentColor;
				CODE_SIGN_STYLE = Automatic;
				CURRENT_PROJECT_VERSION = 1;
				DEVELOPMENT_TEAM = GAQT8HYM7F;
				GENERATE_INFOPLIST_FILE = YES;
				INFOPLIST_FILE = SpaceXLaunchDataApp/Info.plist;
				INFOPLIST_KEY_UIApplicationSupportsIndirectInputEvents = YES;
				INFOPLIST_KEY_UILaunchStoryboardName = LaunchScreen;
				INFOPLIST_KEY_UISupportedInterfaceOrientations_iPad = "UIInterfaceOrientationPortrait UIInterfaceOrientationPortraitUpsideDown UIInterfaceOrientationLandscapeLeft UIInterfaceOrientationLandscapeRight";
				INFOPLIST_KEY_UISupportedInterfaceOrientations_iPhone = "UIInterfaceOrientationPortrait UIInterfaceOrientationLandscapeLeft UIInterfaceOrientationLandscapeRight";
				IPHONEOS_DEPLOYMENT_TARGET = 16.0;
				LD_RUNPATH_SEARCH_PATHS = (
					"$(inherited)",
					"@executable_path/Frameworks",
				);
				MARKETING_VERSION = 1.0;
				PRODUCT_BUNDLE_IDENTIFIER = com.andrewc.SpaceXLaunchDataApp;
				PRODUCT_NAME = "$(TARGET_NAME)";
				SWIFT_EMIT_LOC_STRINGS = YES;
				SWIFT_VERSION = 5.0;
				TARGETED_DEVICE_FAMILY = "1,2";
			};
			name = Release;
		};
/* End XCBuildConfiguration section */

/* Begin XCConfigurationList section */
		1C6A2DA728DCDB6E00F7DE34 /* Build configuration list for PBXProject "SpaceXLaunchDataApp" */ = {
			isa = XCConfigurationList;
			buildConfigurations = (
				1C6A2DBE28DCDB7000F7DE34 /* Debug */,
				1C6A2DBF28DCDB7000F7DE34 /* Release */,
			);
			defaultConfigurationIsVisible = 0;
			defaultConfigurationName = Release;
		};
		1C6A2DC028DCDB7000F7DE34 /* Build configuration list for PBXNativeTarget "SpaceXLaunchDataApp" */ = {
			isa = XCConfigurationList;
			buildConfigurations = (
				1C6A2DC128DCDB7000F7DE34 /* Debug */,
				1C6A2DC228DCDB7000F7DE34 /* Release */,
			);
			defaultConfigurationIsVisible = 0;
			defaultConfigurationName = Release;
		};
/* End XCConfigurationList section */

/* Begin XCRemoteSwiftPackageReference section */
		1C6099B928DF65A800ED42E9 /* XCRemoteSwiftPackageReference "SkeletonView" */ = {
			isa = XCRemoteSwiftPackageReference;
			repositoryURL = "https://github.com/Juanpe/SkeletonView.git";
			requirement = {
				kind = upToNextMajorVersion;
				minimumVersion = 1.0.0;
			};
		};
		1C6099D028E0CD2900ED42E9 /* XCRemoteSwiftPackageReference "youtube-ios-player-helper" */ = {
			isa = XCRemoteSwiftPackageReference;
			repositoryURL = "https://github.com/youtube/youtube-ios-player-helper.git";
			requirement = {
				branch = master;
				kind = branch;
			};
		};
		1C6A2DD128DD521F00F7DE34 /* XCRemoteSwiftPackageReference "SDWebImage" */ = {
			isa = XCRemoteSwiftPackageReference;
			repositoryURL = "https://github.com/SDWebImage/SDWebImage.git";
			requirement = {
				branch = master;
				kind = branch;
			};
		};
/* End XCRemoteSwiftPackageReference section */

/* Begin XCSwiftPackageProductDependency section */
		1C6099BA28DF65A800ED42E9 /* SkeletonView */ = {
			isa = XCSwiftPackageProductDependency;
			package = 1C6099B928DF65A800ED42E9 /* XCRemoteSwiftPackageReference "SkeletonView" */;
			productName = SkeletonView;
		};
		1C6099D128E0CD2900ED42E9 /* YouTubeiOSPlayerHelper */ = {
			isa = XCSwiftPackageProductDependency;
			package = 1C6099D028E0CD2900ED42E9 /* XCRemoteSwiftPackageReference "youtube-ios-player-helper" */;
			productName = YouTubeiOSPlayerHelper;
		};
		1C6A2DD228DD521F00F7DE34 /* SDWebImage */ = {
			isa = XCSwiftPackageProductDependency;
			package = 1C6A2DD128DD521F00F7DE34 /* XCRemoteSwiftPackageReference "SDWebImage" */;
			productName = SDWebImage;
		};
/* End XCSwiftPackageProductDependency section */
	};
	rootObject = 1C6A2DA428DCDB6E00F7DE34 /* Project object */;
}
