{
  "pins" : [
    {
      "identity" : "sdwebimage",
      "kind" : "remoteSourceControl",
      "location" : "https://github.com/SDWebImage/SDWebImage.git",
      "state" : {
        "branch" : "master",
        "revision" : "3c7c949637cecb4eef79cd543309a2d5b261e46f"
      }
    },
    {
      "identity" : "youtube-ios-player-helper",
      "kind" : "remoteSourceControl",
      "location" : "https://github.com/youtube/youtube-ios-player-helper.git",
      "state" : {
        "branch" : "master",
        "revision" : "f57129cd4380ec0a74dd3a59da3270a1d653d59b"
      }
    }
  ],
  "version" : 2
}
