{
  "pins" : [
    {
      "identity" : "sdwebimage",
      "kind" : "remoteSourceControl",
      "location" : "https://github.com/SDWebImage/SDWebImage.git",
      "state" : {
        "branch" : "master",
        "revision" : "484bc774e1091f622c4856e576ff957b29403676"
      }
    },
    {
      "identity" : "skeletonview",
      "kind" : "remoteSourceControl",
      "location" : "https://github.com/Juanpe/SkeletonView.git",
      "state" : {
        "revision" : "ca7d2edceee613e47b7857029fc82de633460e6f",
        "version" : "1.30.2"
      }
    },
    {
      "identity" : "youtube-ios-player-helper",
      "kind" : "remoteSourceControl",
      "location" : "https://github.com/youtube/youtube-ios-player-helper.git",
      "state" : {
        "branch" : "master",
        "revision" : "f57129cd4380ec0a74dd3a59da3270a1d653d59b"
      }
    }
  ],
  "version" : 2
}
